
Microsoft Visual Studio Solution File, Format Version 12.00
# Visual Studio Version 17
VisualStudioVersion = 17.3.32825.248
MinimumVisualStudioVersion = 10.0.40219.1
Project("{9A19103F-16F7-4668-BE54-9A1E7A4F7556}") = "WebAPI", "src\WebAPI\WebAPI.csproj", "{DBA89ECD-EC81-492B-8EA7-7CBF74B92758}"
EndProject
Project("{9A19103F-16F7-4668-BE54-9A1E7A4F7556}") = "BlazorWASM", "src\BlazorWASM\BlazorWASM.csproj", "{BE94BD55-7D2E-4076-9A2D-0712B3DB6B66}"
EndProject
Project("{9A19103F-16F7-4668-BE54-9A1E7A4F7556}") = "ComponentsLib", "src\ComponentsLib\ComponentsLib.csproj", "{BEB22C88-0C3A-4B36-814F-A6D7070C4116}"
EndProject
Project("{9A19103F-16F7-4668-BE54-9A1E7A4F7556}") = "Core", "src\Core\Core.csproj", "{BB94630A-5D65-4228-8FF3-49F4FF0E0B15}"
EndProject
Project("{2150E333-8FDC-42A3-9474-1A3956D46DE8}") = "doc", "doc", "{0EF1E610-D382-4A8E-9BD3-5D846252D157}"
	ProjectSection(SolutionItems) = preProject
		run.cmd = run.cmd
	EndProjectSection
EndProject
Project("{9A19103F-16F7-4668-BE54-9A1E7A4F7556}") = "Infrastructure", "src\Infrastructure\Infrastructure.csproj", "{465FF6B7-80F8-432B-A7B5-E8A07D3CDBD5}"
EndProject
Project("{2150E333-8FDC-42A3-9474-1A3956D46DE8}") = "src", "src", "{C898455C-02AF-4B52-8F6A-3A7DF1543E06}"
EndProject
Project("{2150E333-8FDC-42A3-9474-1A3956D46DE8}") = "test", "test", "{91F27826-31CE-41DB-9F77-C6D001F9FAEF}"
EndProject
Project("{9A19103F-16F7-4668-BE54-9A1E7A4F7556}") = "UnitTests", "test\UnitTests\UnitTests.csproj", "{24800B9F-BA3F-4389-AF90-E33FB109B115}"
EndProject
Project("{9A19103F-16F7-4668-BE54-9A1E7A4F7556}") = "IntegrationTests", "test\IntegrationTests\IntegrationTests.csproj", "{362741AD-63D1-43F9-B678-F3056425D24E}"
EndProject
Project("{9A19103F-16F7-4668-BE54-9A1E7A4F7556}") = "E2ETests", "test\E2ETests\E2ETests.csproj", "{1E18D181-2A0E-4A3E-858B-D3671540508D}"
EndProject
Project("{2150E333-8FDC-42A3-9474-1A3956D46DE8}") = "packages", "packages", "{5292F3ED-2B3E-4B4E-93F5-E56C2544D7A1}"
EndProject
Global
	GlobalSection(SolutionConfigurationPlatforms) = preSolution
		Debug|Any CPU = Debug|Any CPU
		Release|Any CPU = Release|Any CPU
	EndGlobalSection
	GlobalSection(ProjectConfigurationPlatforms) = postSolution
		{DBA89ECD-EC81-492B-8EA7-7CBF74B92758}.Debug|Any CPU.ActiveCfg = Debug|Any CPU
		{DBA89ECD-EC81-492B-8EA7-7CBF74B92758}.Debug|Any CPU.Build.0 = Debug|Any CPU
		{DBA89ECD-EC81-492B-8EA7-7CBF74B92758}.Release|Any CPU.ActiveCfg = Release|Any CPU
		{DBA89ECD-EC81-492B-8EA7-7CBF74B92758}.Release|Any CPU.Build.0 = Release|Any CPU
		{BE94BD55-7D2E-4076-9A2D-0712B3DB6B66}.Debug|Any CPU.ActiveCfg = Debug|Any CPU
		{BE94BD55-7D2E-4076-9A2D-0712B3DB6B66}.Debug|Any CPU.Build.0 = Debug|Any CPU
		{BE94BD55-7D2E-4076-9A2D-0712B3DB6B66}.Release|Any CPU.ActiveCfg = Release|Any CPU
		{BE94BD55-7D2E-4076-9A2D-0712B3DB6B66}.Release|Any CPU.Build.0 = Release|Any CPU
		{BEB22C88-0C3A-4B36-814F-A6D7070C4116}.Debug|Any CPU.ActiveCfg = Debug|Any CPU
		{BEB22C88-0C3A-4B36-814F-A6D7070C4116}.Debug|Any CPU.Build.0 = Debug|Any CPU
		{BEB22C88-0C3A-4B36-814F-A6D7070C4116}.Release|Any CPU.ActiveCfg = Release|Any CPU
		{BEB22C88-0C3A-4B36-814F-A6D7070C4116}.Release|Any CPU.Build.0 = Release|Any CPU
		{BB94630A-5D65-4228-8FF3-49F4FF0E0B15}.Debug|Any CPU.ActiveCfg = Debug|Any CPU
		{BB94630A-5D65-4228-8FF3-49F4FF0E0B15}.Debug|Any CPU.Build.0 = Debug|Any CPU
		{BB94630A-5D65-4228-8FF3-49F4FF0E0B15}.Release|Any CPU.ActiveCfg = Release|Any CPU
		{BB94630A-5D65-4228-8FF3-49F4FF0E0B15}.Release|Any CPU.Build.0 = Release|Any CPU
		{465FF6B7-80F8-432B-A7B5-E8A07D3CDBD5}.Debug|Any CPU.ActiveCfg = Debug|Any CPU
		{465FF6B7-80F8-432B-A7B5-E8A07D3CDBD5}.Debug|Any CPU.Build.0 = Debug|Any CPU
		{465FF6B7-80F8-432B-A7B5-E8A07D3CDBD5}.Release|Any CPU.ActiveCfg = Release|Any CPU
		{465FF6B7-80F8-432B-A7B5-E8A07D3CDBD5}.Release|Any CPU.Build.0 = Release|Any CPU
		{24800B9F-BA3F-4389-AF90-E33FB109B115}.Debug|Any CPU.ActiveCfg = Debug|Any CPU
		{24800B9F-BA3F-4389-AF90-E33FB109B115}.Debug|Any CPU.Build.0 = Debug|Any CPU
		{24800B9F-BA3F-4389-AF90-E33FB109B115}.Release|Any CPU.ActiveCfg = Release|Any CPU
		{24800B9F-BA3F-4389-AF90-E33FB109B115}.Release|Any CPU.Build.0 = Release|Any CPU
		{362741AD-63D1-43F9-B678-F3056425D24E}.Debug|Any CPU.ActiveCfg = Debug|Any CPU
		{362741AD-63D1-43F9-B678-F3056425D24E}.Debug|Any CPU.Build.0 = Debug|Any CPU
		{362741AD-63D1-43F9-B678-F3056425D24E}.Release|Any CPU.ActiveCfg = Release|Any CPU
		{362741AD-63D1-43F9-B678-F3056425D24E}.Release|Any CPU.Build.0 = Release|Any CPU
		{1E18D181-2A0E-4A3E-858B-D3671540508D}.Debug|Any CPU.ActiveCfg = Debug|Any CPU
		{1E18D181-2A0E-4A3E-858B-D3671540508D}.Debug|Any CPU.Build.0 = Debug|Any CPU
		{1E18D181-2A0E-4A3E-858B-D3671540508D}.Release|Any CPU.ActiveCfg = Release|Any CPU
		{1E18D181-2A0E-4A3E-858B-D3671540508D}.Release|Any CPU.Build.0 = Release|Any CPU
	EndGlobalSection
	GlobalSection(SolutionProperties) = preSolution
		HideSolutionNode = FALSE
	EndGlobalSection
	GlobalSection(NestedProjects) = preSolution
		{DBA89ECD-EC81-492B-8EA7-7CBF74B92758} = {C898455C-02AF-4B52-8F6A-3A7DF1543E06}
		{BE94BD55-7D2E-4076-9A2D-0712B3DB6B66} = {C898455C-02AF-4B52-8F6A-3A7DF1543E06}
		{BEB22C88-0C3A-4B36-814F-A6D7070C4116} = {C898455C-02AF-4B52-8F6A-3A7DF1543E06}
		{BB94630A-5D65-4228-8FF3-49F4FF0E0B15} = {C898455C-02AF-4B52-8F6A-3A7DF1543E06}
		{465FF6B7-80F8-432B-A7B5-E8A07D3CDBD5} = {C898455C-02AF-4B52-8F6A-3A7DF1543E06}
		{24800B9F-BA3F-4389-AF90-E33FB109B115} = {91F27826-31CE-41DB-9F77-C6D001F9FAEF}
		{362741AD-63D1-43F9-B678-F3056425D24E} = {91F27826-31CE-41DB-9F77-C6D001F9FAEF}
		{1E18D181-2A0E-4A3E-858B-D3671540508D} = {91F27826-31CE-41DB-9F77-C6D001F9FAEF}
	EndGlobalSection
	GlobalSection(ExtensibilityGlobals) = postSolution
		SolutionGuid = {393B7A2B-9F31-40B3-AB8E-4B3A07EBC5FF}
	EndGlobalSection
EndGlobal
